
Microsoft Visual Studio Solution File, Format Version 12.00
# Visual Studio Version 16
VisualStudioVersion = 16.0.29911.84
MinimumVisualStudioVersion = 10.0.40219.1
Project("{FAE04EC0-301F-11D3-BF4B-00C04F79EFBC}") = "DigitalIC_VLSI", "DigitalIC_VLSI\DigitalIC_VLSI.csproj", "{726CD6D2-DFD2-42D0-B02C-58F70C661FBF}"
EndProject
Global
	GlobalSection(SolutionConfigurationPlatforms) = preSolution
		Debug|Any CPU = Debug|Any CPU
		Release|Any CPU = Release|Any CPU
	EndGlobalSection
	GlobalSection(ProjectConfigurationPlatforms) = postSolution
		{726CD6D2-DFD2-42D0-B02C-58F70C661FBF}.Debug|Any CPU.ActiveCfg = Debug|Any CPU
		{726CD6D2-DFD2-42D0-B02C-58F70C661FBF}.Debug|Any CPU.Build.0 = Debug|Any CPU
		{726CD6D2-DFD2-42D0-B02C-58F70C661FBF}.Release|Any CPU.ActiveCfg = Release|Any CPU
		{726CD6D2-DFD2-42D0-B02C-58F70C661FBF}.Release|Any CPU.Build.0 = Release|Any CPU
	EndGlobalSection
	GlobalSection(SolutionProperties) = preSolution
		HideSolutionNode = FALSE
	EndGlobalSection
	GlobalSection(ExtensibilityGlobals) = postSolution
		SolutionGuid = {069BD062-D491-4726-BD4E-3FE8A1B956C7}
	EndGlobalSection
EndGlobal
